
Microsoft Visual Studio Solution File, Format Version 12.00
# Visual Studio 15
VisualStudioVersion = 15.0.28307.902
MinimumVisualStudioVersion = 10.0.40219.1
Project("{FAE04EC0-301F-11D3-BF4B-00C04F79EFBC}") = "MentorMicroservice", "MentorMicroservice\MentorMicroservice.csproj", "{A4A01794-A8CE-4335-8268-86EA031A42B0}"
EndProject
Global
	GlobalSection(SolutionConfigurationPlatforms) = preSolution
		Debug|Any CPU = Debug|Any CPU
		Release|Any CPU = Release|Any CPU
	EndGlobalSection
	GlobalSection(ProjectConfigurationPlatforms) = postSolution
		{A4A01794-A8CE-4335-8268-86EA031A42B0}.Debug|Any CPU.ActiveCfg = Debug|Any CPU
		{A4A01794-A8CE-4335-8268-86EA031A42B0}.Debug|Any CPU.Build.0 = Debug|Any CPU
		{A4A01794-A8CE-4335-8268-86EA031A42B0}.Release|Any CPU.ActiveCfg = Release|Any CPU
		{A4A01794-A8CE-4335-8268-86EA031A42B0}.Release|Any CPU.Build.0 = Release|Any CPU
	EndGlobalSection
	GlobalSection(SolutionProperties) = preSolution
		HideSolutionNode = FALSE
	EndGlobalSection
	GlobalSection(ExtensibilityGlobals) = postSolution
		SolutionGuid = {E88D2A6A-F685-4383-84DF-6D63B853A9EF}
	EndGlobalSection
EndGlobal
